// !$*UTF8*$!
{
	archiveVersion = 1;
	classes = {
	};
	objectVersion = 46;
	objects = {

/* Begin PBXBuildFile section */
		6F0E26721D7C6EB300DDB0AB /* MainTabbarController.swift in Sources */ = {isa = PBXBuildFile; fileRef = 6F0E26711D7C6EB300DDB0AB /* MainTabbarController.swift */; };
		6F0E26741D7C754900DDB0AB /* HomeViewController.swift in Sources */ = {isa = PBXBuildFile; fileRef = 6F0E26731D7C754900DDB0AB /* HomeViewController.swift */; };
		6F0E26761D7C755500DDB0AB /* MessageViewController.swift in Sources */ = {isa = PBXBuildFile; fileRef = 6F0E26751D7C755500DDB0AB /* MessageViewController.swift */; };
		6F0E26781D7C756100DDB0AB /* DiscoverViewController.swift in Sources */ = {isa = PBXBuildFile; fileRef = 6F0E26771D7C756100DDB0AB /* DiscoverViewController.swift */; };
		6F0E267A1D7C756D00DDB0AB /* ProfileViewController.swift in Sources */ = {isa = PBXBuildFile; fileRef = 6F0E26791D7C756D00DDB0AB /* ProfileViewController.swift */; };
		6F0E267D1D7C769300DDB0AB /* Home.storyboard in Resources */ = {isa = PBXBuildFile; fileRef = 6F0E267B1D7C769300DDB0AB /* Home.storyboard */; };
		6F0E267F1D7C76C400DDB0AB /* Message.storyboard in Resources */ = {isa = PBXBuildFile; fileRef = 6F0E267E1D7C76C400DDB0AB /* Message.storyboard */; };
		6F0E26821D7C76DF00DDB0AB /* null.storyboard in Resources */ = {isa = PBXBuildFile; fileRef = 6F0E26801D7C76DF00DDB0AB /* null.storyboard */; };
		6F0E26841D7C770F00DDB0AB /* Discover.storyboard in Resources */ = {isa = PBXBuildFile; fileRef = 6F0E26831D7C770F00DDB0AB /* Discover.storyboard */; };
		6F0E26871D7C772D00DDB0AB /* Profile.storyboard in Resources */ = {isa = PBXBuildFile; fileRef = 6F0E26851D7C772D00DDB0AB /* Profile.storyboard */; };
		6F0E268B1D7C861000DDB0AB /* UIbuttonExtension.swift in Sources */ = {isa = PBXBuildFile; fileRef = 6F0E268A1D7C861000DDB0AB /* UIbuttonExtension.swift */; };
		6F17865C1D927946005A880A /* EmotionCollectionViewCell.swift in Sources */ = {isa = PBXBuildFile; fileRef = 6F17865B1D927946005A880A /* EmotionCollectionViewCell.swift */; };
		6F1F91521D8FD9690067C289 /* ComposeViewController.swift in Sources */ = {isa = PBXBuildFile; fileRef = 6F1F91501D8FD9690067C289 /* ComposeViewController.swift */; };
		6F1F91531D8FD9690067C289 /* ComposeViewController.xib in Resources */ = {isa = PBXBuildFile; fileRef = 6F1F91511D8FD9690067C289 /* ComposeViewController.xib */; };
		6F1F91551D900B450067C289 /* TitleView.swift in Sources */ = {isa = PBXBuildFile; fileRef = 6F1F91541D900B450067C289 /* TitleView.swift */; };
		6F1F91571D900F930067C289 /* ComposeTextView.swift in Sources */ = {isa = PBXBuildFile; fileRef = 6F1F91561D900F930067C289 /* ComposeTextView.swift */; };
		6F2B710A1D7DA0D2003059F7 /* BaseViewController.swift in Sources */ = {isa = PBXBuildFile; fileRef = 6F2B71091D7DA0D2003059F7 /* BaseViewController.swift */; };
		6F2B710D1D7DA258003059F7 /* VisitorView.swift in Sources */ = {isa = PBXBuildFile; fileRef = 6F2B710C1D7DA258003059F7 /* VisitorView.swift */; };
		6F2B710F1D7DA2DD003059F7 /* VisitorView.xib in Resources */ = {isa = PBXBuildFile; fileRef = 6F2B710E1D7DA2DD003059F7 /* VisitorView.xib */; };
		6F2B71111D7F0910003059F7 /* UIBarButtonItem+Extension.swift in Sources */ = {isa = PBXBuildFile; fileRef = 6F2B71101D7F0910003059F7 /* UIBarButtonItem+Extension.swift */; };
		6F2B71131D7F0CD7003059F7 /* TitleButton.swift in Sources */ = {isa = PBXBuildFile; fileRef = 6F2B71121D7F0CD7003059F7 /* TitleButton.swift */; };
		6F2B711A1D7F2001003059F7 /* PopoverViewController.swift in Sources */ = {isa = PBXBuildFile; fileRef = 6F2B71181D7F2001003059F7 /* PopoverViewController.swift */; };
		6F2B711B1D7F2001003059F7 /* PopoverViewController.xib in Resources */ = {isa = PBXBuildFile; fileRef = 6F2B71191D7F2001003059F7 /* PopoverViewController.xib */; };
		6F3220F81D7FEFB50084E40C /* PresentationController.swift in Sources */ = {isa = PBXBuildFile; fileRef = 6F3220F71D7FEFB50084E40C /* PresentationController.swift */; };
		6F3220FA1D8006EE0084E40C /* HomeTransitionAnimation.swift in Sources */ = {isa = PBXBuildFile; fileRef = 6F3220F91D8006EE0084E40C /* HomeTransitionAnimation.swift */; };
		6F44AB711D852B90007FDEC2 /* WelcomeViewController.swift in Sources */ = {isa = PBXBuildFile; fileRef = 6F44AB6F1D852B90007FDEC2 /* WelcomeViewController.swift */; };
		6F44AB721D852B90007FDEC2 /* WelcomeViewController.xib in Resources */ = {isa = PBXBuildFile; fileRef = 6F44AB701D852B90007FDEC2 /* WelcomeViewController.xib */; };
		6F44AB751D855384007FDEC2 /* Status.swift in Sources */ = {isa = PBXBuildFile; fileRef = 6F44AB741D855384007FDEC2 /* Status.swift */; };
		6F4829F91D81960200864EDD /* OauthViewController.swift in Sources */ = {isa = PBXBuildFile; fileRef = 6F4829F71D81960200864EDD /* OauthViewController.swift */; };
		6F4829FA1D81960200864EDD /* OauthViewController.xib in Resources */ = {isa = PBXBuildFile; fileRef = 6F4829F81D81960200864EDD /* OauthViewController.xib */; };
		6F4829FC1D81C94200864EDD /* NetWorkTools.swift in Sources */ = {isa = PBXBuildFile; fileRef = 6F4829FB1D81C94200864EDD /* NetWorkTools.swift */; };
		6F7FB1C81D829B2C0035E4E9 /* UserAccount.swift in Sources */ = {isa = PBXBuildFile; fileRef = 6F7FB1C71D829B2C0035E4E9 /* UserAccount.swift */; };
		6F8AF8A51D87C944007676FB /* HomeTableViewCell.swift in Sources */ = {isa = PBXBuildFile; fileRef = 6F8AF8A41D87C944007676FB /* HomeTableViewCell.swift */; };
		6F8AF8A71D8823CB007676FB /* PictureCollectionView.swift in Sources */ = {isa = PBXBuildFile; fileRef = 6F8AF8A61D8823CB007676FB /* PictureCollectionView.swift */; };
		6F9CA1831D7BFF6E00E053B3 /* AppDelegate.swift in Sources */ = {isa = PBXBuildFile; fileRef = 6F9CA1821D7BFF6E00E053B3 /* AppDelegate.swift */; };
		6F9CA1881D7BFF6E00E053B3 /* Main.storyboard in Resources */ = {isa = PBXBuildFile; fileRef = 6F9CA1861D7BFF6E00E053B3 /* Main.storyboard */; };
		6F9CA18A1D7BFF6E00E053B3 /* Assets.xcassets in Resources */ = {isa = PBXBuildFile; fileRef = 6F9CA1891D7BFF6E00E053B3 /* Assets.xcassets */; };
		6F9CA18D1D7BFF6E00E053B3 /* LaunchScreen.storyboard in Resources */ = {isa = PBXBuildFile; fileRef = 6F9CA18B1D7BFF6E00E053B3 /* LaunchScreen.storyboard */; };
		6FB8761F1D925BBF003B1573 /* EmotionViewController.swift in Sources */ = {isa = PBXBuildFile; fileRef = 6FB8761E1D925BBF003B1573 /* EmotionViewController.swift */; };
		6FB876211D926247003B1573 /* Emoticons.bundle in Resources */ = {isa = PBXBuildFile; fileRef = 6FB876201D926247003B1573 /* Emoticons.bundle */; };
		6FB876231D926C03003B1573 /* EmoticonManager.swift in Sources */ = {isa = PBXBuildFile; fileRef = 6FB876221D926C03003B1573 /* EmoticonManager.swift */; };
		6FB876261D926C5D003B1573 /* EmoticonPackage.swift in Sources */ = {isa = PBXBuildFile; fileRef = 6FB876251D926C5D003B1573 /* EmoticonPackage.swift */; };
		6FB876281D926C85003B1573 /* Emotion.swift in Sources */ = {isa = PBXBuildFile; fileRef = 6FB876271D926C85003B1573 /* Emotion.swift */; };
		6FBD77641D93CDFD0096E8FC /* EmotionTextAttachment.swift in Sources */ = {isa = PBXBuildFile; fileRef = 6FBD77631D93CDFD0096E8FC /* EmotionTextAttachment.swift */; };
		6FCBF3571D910A860013C344 /* PictureAddCollectionView.swift in Sources */ = {isa = PBXBuildFile; fileRef = 6FCBF3561D910A860013C344 /* PictureAddCollectionView.swift */; };
		6FCBF35B1D91128A0013C344 /* PicCollectionViewCell.swift in Sources */ = {isa = PBXBuildFile; fileRef = 6FCBF3591D91128A0013C344 /* PicCollectionViewCell.swift */; };
		6FCBF35C1D91128A0013C344 /* PicCollectionViewCell.xib in Resources */ = {isa = PBXBuildFile; fileRef = 6FCBF35A1D91128A0013C344 /* PicCollectionViewCell.xib */; };
		6FD3AE151D94FFDF003F7DC9 /* FindEmoticon.swift in Sources */ = {isa = PBXBuildFile; fileRef = 6FD3AE141D94FFDF003F7DC9 /* FindEmoticon.swift */; };
		6FFA2D201D8698F800CCB12E /* NSDate+Extension.swift in Sources */ = {isa = PBXBuildFile; fileRef = 6FFA2D1F1D8698F800CCB12E /* NSDate+Extension.swift */; };
		6FFA2D221D86A62800CCB12E /* User.swift in Sources */ = {isa = PBXBuildFile; fileRef = 6FFA2D211D86A62800CCB12E /* User.swift */; };
		6FFA2D241D86DD7F00CCB12E /* StatusViewModel.swift in Sources */ = {isa = PBXBuildFile; fileRef = 6FFA2D231D86DD7F00CCB12E /* StatusViewModel.swift */; };
		6FFFF3A61D83EAE200E77776 /* UserAccountViewModel.swift in Sources */ = {isa = PBXBuildFile; fileRef = 6FFFF3A51D83EAE200E77776 /* UserAccountViewModel.swift */; };
		E63E346580A1BC12E6B64B5F /* Pods.framework in Frameworks */ = {isa = PBXBuildFile; fileRef = DE503D0C5ADEAEBDD550FC38 /* Pods.framework */; };
/* End PBXBuildFile section */

/* Begin PBXFileReference section */
		5E05274BF6EEA06C74EEBC4B /* Pods.release.xcconfig */ = {isa = PBXFileReference; includeInIndex = 1; lastKnownFileType = text.xcconfig; name = Pods.release.xcconfig; path = "Pods/Target Support Files/Pods/Pods.release.xcconfig"; sourceTree = "<group>"; };
		6F0E26711D7C6EB300DDB0AB /* MainTabbarController.swift */ = {isa = PBXFileReference; fileEncoding = 4; lastKnownFileType = sourcecode.swift; path = MainTabbarController.swift; sourceTree = "<group>"; };
		6F0E26731D7C754900DDB0AB /* HomeViewController.swift */ = {isa = PBXFileReference; fileEncoding = 4; lastKnownFileType = sourcecode.swift; path = HomeViewController.swift; sourceTree = "<group>"; };
		6F0E26751D7C755500DDB0AB /* MessageViewController.swift */ = {isa = PBXFileReference; fileEncoding = 4; lastKnownFileType = sourcecode.swift; path = MessageViewController.swift; sourceTree = "<group>"; };
		6F0E26771D7C756100DDB0AB /* DiscoverViewController.swift */ = {isa = PBXFileReference; fileEncoding = 4; lastKnownFileType = sourcecode.swift; path = DiscoverViewController.swift; sourceTree = "<group>"; };
		6F0E26791D7C756D00DDB0AB /* ProfileViewController.swift */ = {isa = PBXFileReference; fileEncoding = 4; lastKnownFileType = sourcecode.swift; path = ProfileViewController.swift; sourceTree = "<group>"; };
		6F0E267C1D7C769300DDB0AB /* Base */ = {isa = PBXFileReference; lastKnownFileType = file.storyboard; name = Base; path = Base.lproj/Home.storyboard; sourceTree = "<group>"; };
		6F0E267E1D7C76C400DDB0AB /* Message.storyboard */ = {isa = PBXFileReference; fileEncoding = 4; lastKnownFileType = file.storyboard; name = Message.storyboard; path = ../../Message.storyboard; sourceTree = "<group>"; };
		6F0E26811D7C76DF00DDB0AB /* Base */ = {isa = PBXFileReference; lastKnownFileType = file.storyboard; name = Base; path = Base.lproj/null.storyboard; sourceTree = "<group>"; };
		6F0E26831D7C770F00DDB0AB /* Discover.storyboard */ = {isa = PBXFileReference; fileEncoding = 4; lastKnownFileType = file.storyboard; name = Discover.storyboard; path = ../../Discover.storyboard; sourceTree = "<group>"; };
		6F0E26861D7C772D00DDB0AB /* Base */ = {isa = PBXFileReference; lastKnownFileType = file.storyboard; name = Base; path = Base.lproj/Profile.storyboard; sourceTree = "<group>"; };
		6F0E268A1D7C861000DDB0AB /* UIbuttonExtension.swift */ = {isa = PBXFileReference; fileEncoding = 4; lastKnownFileType = sourcecode.swift; path = UIbuttonExtension.swift; sourceTree = "<group>"; };
		6F17865B1D927946005A880A /* EmotionCollectionViewCell.swift */ = {isa = PBXFileReference; fileEncoding = 4; lastKnownFileType = sourcecode.swift; path = EmotionCollectionViewCell.swift; sourceTree = "<group>"; };
		6F1F91501D8FD9690067C289 /* ComposeViewController.swift */ = {isa = PBXFileReference; fileEncoding = 4; lastKnownFileType = sourcecode.swift; path = ComposeViewController.swift; sourceTree = "<group>"; };
		6F1F91511D8FD9690067C289 /* ComposeViewController.xib */ = {isa = PBXFileReference; fileEncoding = 4; lastKnownFileType = file.xib; path = ComposeViewController.xib; sourceTree = "<group>"; };
		6F1F91541D900B450067C289 /* TitleView.swift */ = {isa = PBXFileReference; fileEncoding = 4; lastKnownFileType = sourcecode.swift; path = TitleView.swift; sourceTree = "<group>"; };
		6F1F91561D900F930067C289 /* ComposeTextView.swift */ = {isa = PBXFileReference; fileEncoding = 4; lastKnownFileType = sourcecode.swift; path = ComposeTextView.swift; sourceTree = "<group>"; };
		6F2B71091D7DA0D2003059F7 /* BaseViewController.swift */ = {isa = PBXFileReference; fileEncoding = 4; lastKnownFileType = sourcecode.swift; path = BaseViewController.swift; sourceTree = "<group>"; };
		6F2B710C1D7DA258003059F7 /* VisitorView.swift */ = {isa = PBXFileReference; fileEncoding = 4; lastKnownFileType = sourcecode.swift; path = VisitorView.swift; sourceTree = "<group>"; };
		6F2B710E1D7DA2DD003059F7 /* VisitorView.xib */ = {isa = PBXFileReference; fileEncoding = 4; lastKnownFileType = file.xib; path = VisitorView.xib; sourceTree = "<group>"; };
		6F2B71101D7F0910003059F7 /* UIBarButtonItem+Extension.swift */ = {isa = PBXFileReference; fileEncoding = 4; lastKnownFileType = sourcecode.swift; path = "UIBarButtonItem+Extension.swift"; sourceTree = "<group>"; };
		6F2B71121D7F0CD7003059F7 /* TitleButton.swift */ = {isa = PBXFileReference; fileEncoding = 4; lastKnownFileType = sourcecode.swift; path = TitleButton.swift; sourceTree = "<group>"; };
		6F2B71181D7F2001003059F7 /* PopoverViewController.swift */ = {isa = PBXFileReference; fileEncoding = 4; lastKnownFileType = sourcecode.swift; path = PopoverViewController.swift; sourceTree = "<group>"; };
		6F2B71191D7F2001003059F7 /* PopoverViewController.xib */ = {isa = PBXFileReference; fileEncoding = 4; lastKnownFileType = file.xib; path = PopoverViewController.xib; sourceTree = "<group>"; };
		6F3220F71D7FEFB50084E40C /* PresentationController.swift */ = {isa = PBXFileReference; fileEncoding = 4; lastKnownFileType = sourcecode.swift; path = PresentationController.swift; sourceTree = "<group>"; };
		6F3220F91D8006EE0084E40C /* HomeTransitionAnimation.swift */ = {isa = PBXFileReference; fileEncoding = 4; lastKnownFileType = sourcecode.swift; path = HomeTransitionAnimation.swift; sourceTree = "<group>"; };
		6F44AB6F1D852B90007FDEC2 /* WelcomeViewController.swift */ = {isa = PBXFileReference; fileEncoding = 4; lastKnownFileType = sourcecode.swift; path = WelcomeViewController.swift; sourceTree = "<group>"; };
		6F44AB701D852B90007FDEC2 /* WelcomeViewController.xib */ = {isa = PBXFileReference; fileEncoding = 4; lastKnownFileType = file.xib; path = WelcomeViewController.xib; sourceTree = "<group>"; };
		6F44AB741D855384007FDEC2 /* Status.swift */ = {isa = PBXFileReference; fileEncoding = 4; lastKnownFileType = sourcecode.swift; path = Status.swift; sourceTree = "<group>"; };
		6F4829F71D81960200864EDD /* OauthViewController.swift */ = {isa = PBXFileReference; fileEncoding = 4; lastKnownFileType = sourcecode.swift; path = OauthViewController.swift; sourceTree = "<group>"; };
		6F4829F81D81960200864EDD /* OauthViewController.xib */ = {isa = PBXFileReference; fileEncoding = 4; lastKnownFileType = file.xib; path = OauthViewController.xib; sourceTree = "<group>"; };
		6F4829FB1D81C94200864EDD /* NetWorkTools.swift */ = {isa = PBXFileReference; fileEncoding = 4; lastKnownFileType = sourcecode.swift; path = NetWorkTools.swift; sourceTree = "<group>"; };
		6F7FB1C71D829B2C0035E4E9 /* UserAccount.swift */ = {isa = PBXFileReference; fileEncoding = 4; lastKnownFileType = sourcecode.swift; path = UserAccount.swift; sourceTree = "<group>"; };
		6F8AF8A41D87C944007676FB /* HomeTableViewCell.swift */ = {isa = PBXFileReference; fileEncoding = 4; lastKnownFileType = sourcecode.swift; path = HomeTableViewCell.swift; sourceTree = "<group>"; };
		6F8AF8A61D8823CB007676FB /* PictureCollectionView.swift */ = {isa = PBXFileReference; fileEncoding = 4; lastKnownFileType = sourcecode.swift; path = PictureCollectionView.swift; sourceTree = "<group>"; };
		6F9CA17F1D7BFF6E00E053B3 /* Sina.app */ = {isa = PBXFileReference; explicitFileType = wrapper.application; includeInIndex = 0; path = Sina.app; sourceTree = BUILT_PRODUCTS_DIR; };
		6F9CA1821D7BFF6E00E053B3 /* AppDelegate.swift */ = {isa = PBXFileReference; lastKnownFileType = sourcecode.swift; path = AppDelegate.swift; sourceTree = "<group>"; };
		6F9CA1871D7BFF6E00E053B3 /* Base */ = {isa = PBXFileReference; lastKnownFileType = file.storyboard; name = Base; path = Base.lproj/Main.storyboard; sourceTree = "<group>"; };
		6F9CA1891D7BFF6E00E053B3 /* Assets.xcassets */ = {isa = PBXFileReference; lastKnownFileType = folder.assetcatalog; path = Assets.xcassets; sourceTree = "<group>"; };
		6F9CA18C1D7BFF6E00E053B3 /* Base */ = {isa = PBXFileReference; lastKnownFileType = file.storyboard; name = Base; path = Base.lproj/LaunchScreen.storyboard; sourceTree = "<group>"; };
		6F9CA18E1D7BFF6E00E053B3 /* Info.plist */ = {isa = PBXFileReference; lastKnownFileType = text.plist.xml; path = Info.plist; sourceTree = "<group>"; };
		6FB8761E1D925BBF003B1573 /* EmotionViewController.swift */ = {isa = PBXFileReference; fileEncoding = 4; lastKnownFileType = sourcecode.swift; path = EmotionViewController.swift; sourceTree = "<group>"; };
		6FB876201D926247003B1573 /* Emoticons.bundle */ = {isa = PBXFileReference; lastKnownFileType = "wrapper.plug-in"; name = Emoticons.bundle; path = ../../../Emoticons.bundle; sourceTree = "<group>"; };
		6FB876221D926C03003B1573 /* EmoticonManager.swift */ = {isa = PBXFileReference; fileEncoding = 4; lastKnownFileType = sourcecode.swift; name = EmoticonManager.swift; path = ../EmoticonManager.swift; sourceTree = "<group>"; };
		6FB876251D926C5D003B1573 /* EmoticonPackage.swift */ = {isa = PBXFileReference; fileEncoding = 4; lastKnownFileType = sourcecode.swift; path = EmoticonPackage.swift; sourceTree = "<group>"; };
		6FB876271D926C85003B1573 /* Emotion.swift */ = {isa = PBXFileReference; fileEncoding = 4; lastKnownFileType = sourcecode.swift; path = Emotion.swift; sourceTree = "<group>"; };
		6FBD77631D93CDFD0096E8FC /* EmotionTextAttachment.swift */ = {isa = PBXFileReference; fileEncoding = 4; lastKnownFileType = sourcecode.swift; path = EmotionTextAttachment.swift; sourceTree = "<group>"; };
		6FCBF3561D910A860013C344 /* PictureAddCollectionView.swift */ = {isa = PBXFileReference; fileEncoding = 4; lastKnownFileType = sourcecode.swift; name = PictureAddCollectionView.swift; path = ../PictureAddCollectionView.swift; sourceTree = "<group>"; };
		6FCBF3591D91128A0013C344 /* PicCollectionViewCell.swift */ = {isa = PBXFileReference; fileEncoding = 4; lastKnownFileType = sourcecode.swift; path = PicCollectionViewCell.swift; sourceTree = "<group>"; };
		6FCBF35A1D91128A0013C344 /* PicCollectionViewCell.xib */ = {isa = PBXFileReference; fileEncoding = 4; lastKnownFileType = file.xib; path = PicCollectionViewCell.xib; sourceTree = "<group>"; };
		6FD3AE141D94FFDF003F7DC9 /* FindEmoticon.swift */ = {isa = PBXFileReference; fileEncoding = 4; lastKnownFileType = sourcecode.swift; path = FindEmoticon.swift; sourceTree = "<group>"; };
		6FFA2D1F1D8698F800CCB12E /* NSDate+Extension.swift */ = {isa = PBXFileReference; fileEncoding = 4; lastKnownFileType = sourcecode.swift; path = "NSDate+Extension.swift"; sourceTree = "<group>"; };
		6FFA2D211D86A62800CCB12E /* User.swift */ = {isa = PBXFileReference; fileEncoding = 4; lastKnownFileType = sourcecode.swift; path = User.swift; sourceTree = "<group>"; };
		6FFA2D231D86DD7F00CCB12E /* StatusViewModel.swift */ = {isa = PBXFileReference; fileEncoding = 4; lastKnownFileType = sourcecode.swift; path = StatusViewModel.swift; sourceTree = "<group>"; };
		6FFFF3A51D83EAE200E77776 /* UserAccountViewModel.swift */ = {isa = PBXFileReference; fileEncoding = 4; lastKnownFileType = sourcecode.swift; name = UserAccountViewModel.swift; path = ../../../UserAccountViewModel.swift; sourceTree = "<group>"; };
		DE503D0C5ADEAEBDD550FC38 /* Pods.framework */ = {isa = PBXFileReference; explicitFileType = wrapper.framework; includeInIndex = 0; path = Pods.framework; sourceTree = BUILT_PRODUCTS_DIR; };
		DFDF122E75D3F6ABA5A87453 /* Pods.debug.xcconfig */ = {isa = PBXFileReference; includeInIndex = 1; lastKnownFileType = text.xcconfig; name = Pods.debug.xcconfig; path = "Pods/Target Support Files/Pods/Pods.debug.xcconfig"; sourceTree = "<group>"; };
/* End PBXFileReference section */

/* Begin PBXFrameworksBuildPhase section */
		6F9CA17C1D7BFF6D00E053B3 /* Frameworks */ = {
			isa = PBXFrameworksBuildPhase;
			buildActionMask = 2147483647;
			files = (
				E63E346580A1BC12E6B64B5F /* Pods.framework in Frameworks */,
			);
			runOnlyForDeploymentPostprocessing = 0;
		};
/* End PBXFrameworksBuildPhase section */

/* Begin PBXGroup section */
		6F0E26881D7C85EB00DDB0AB /* Tools */ = {
			isa = PBXGroup;
			children = (
				6F4829FB1D81C94200864EDD /* NetWorkTools.swift */,
				6F0E26891D7C85F800DDB0AB /* Category */,
			);
			name = Tools;
			sourceTree = "<group>";
		};
		6F0E26891D7C85F800DDB0AB /* Category */ = {
			isa = PBXGroup;
			children = (
				6F0E268A1D7C861000DDB0AB /* UIbuttonExtension.swift */,
				6F2B71101D7F0910003059F7 /* UIBarButtonItem+Extension.swift */,
				6FFA2D1F1D8698F800CCB12E /* NSDate+Extension.swift */,
			);
			name = Category;
			sourceTree = "<group>";
		};
		6F1F914F1D8FD9360067C289 /* compose发布 */ = {
			isa = PBXGroup;
			children = (
				6FB8761D1D92585C003B1573 /* emotionKeyboard */,
				6FCBF3581D9111ED0013C344 /* pickImage */,
				6F1F91501D8FD9690067C289 /* ComposeViewController.swift */,
				6F1F91511D8FD9690067C289 /* ComposeViewController.xib */,
				6F1F91541D900B450067C289 /* TitleView.swift */,
				6F1F91561D900F930067C289 /* ComposeTextView.swift */,
				6FBD77631D93CDFD0096E8FC /* EmotionTextAttachment.swift */,
			);
			path = "compose发布";
			sourceTree = "<group>";
		};
		6F2B710B1D7DA22C003059F7 /* visitor */ = {
			isa = PBXGroup;
			children = (
				6F2B710C1D7DA258003059F7 /* VisitorView.swift */,
				6F2B710E1D7DA2DD003059F7 /* VisitorView.xib */,
			);
			path = visitor;
			sourceTree = "<group>";
		};
		6F44AB6E1D852B80007FDEC2 /* welcome */ = {
			isa = PBXGroup;
			children = (
				6F44AB6F1D852B90007FDEC2 /* WelcomeViewController.swift */,
				6F44AB701D852B90007FDEC2 /* WelcomeViewController.xib */,
			);
			path = welcome;
			sourceTree = "<group>";
		};
		6F44AB731D854F44007FDEC2 /* HomeModel */ = {
			isa = PBXGroup;
			children = (
				6F44AB741D855384007FDEC2 /* Status.swift */,
				6FFA2D211D86A62800CCB12E /* User.swift */,
				6FFA2D231D86DD7F00CCB12E /* StatusViewModel.swift */,
			);
			path = HomeModel;
			sourceTree = "<group>";
		};
		6F4829F61D8195EE00864EDD /* Oauth */ = {
			isa = PBXGroup;
			children = (
				6F4829F71D81960200864EDD /* OauthViewController.swift */,
				6F4829F81D81960200864EDD /* OauthViewController.xib */,
				6F7FB1C71D829B2C0035E4E9 /* UserAccount.swift */,
				6FFFF3A51D83EAE200E77776 /* UserAccountViewModel.swift */,
			);
			path = Oauth;
			sourceTree = "<group>";
		};
		6F9CA1761D7BFF6D00E053B3 = {
			isa = PBXGroup;
			children = (
				6F9CA1811D7BFF6E00E053B3 /* Sina */,
				6F9CA1801D7BFF6E00E053B3 /* Products */,
				FD6A0E41990AAB6EAF520325 /* Pods */,
				999AC1BCDF4B3EB893899C09 /* Frameworks */,
			);
			sourceTree = "<group>";
		};
		6F9CA1801D7BFF6E00E053B3 /* Products */ = {
			isa = PBXGroup;
			children = (
				6F9CA17F1D7BFF6E00E053B3 /* Sina.app */,
			);
			name = Products;
			sourceTree = "<group>";
		};
		6F9CA1811D7BFF6E00E053B3 /* Sina */ = {
			isa = PBXGroup;
			children = (
				6F0E26881D7C85EB00DDB0AB /* Tools */,
				6F9CA1941D7C030700E053B3 /* Classes */,
				6F9CA1821D7BFF6E00E053B3 /* AppDelegate.swift */,
				6F0E26801D7C76DF00DDB0AB /* null.storyboard */,
				6F9CA1891D7BFF6E00E053B3 /* Assets.xcassets */,
				6F9CA18B1D7BFF6E00E053B3 /* LaunchScreen.storyboard */,
				6F9CA18E1D7BFF6E00E053B3 /* Info.plist */,
			);
			path = Sina;
			sourceTree = "<group>";
		};
		6F9CA1941D7C030700E053B3 /* Classes */ = {
			isa = PBXGroup;
			children = (
				6F1F914F1D8FD9360067C289 /* compose发布 */,
				6F9CA1971D7C030700E053B3 /* Main主要 */,
				6F9CA1961D7C030700E053B3 /* Home首页 */,
				6F9CA1981D7C030700E053B3 /* Message消息 */,
				6F9CA1951D7C030700E053B3 /* discover发现 */,
				6F9CA1991D7C030700E053B3 /* Profile我 */,
			);
			path = Classes;
			sourceTree = "<group>";
		};
		6F9CA1951D7C030700E053B3 /* discover发现 */ = {
			isa = PBXGroup;
			children = (
				6F0E26831D7C770F00DDB0AB /* Discover.storyboard */,
				6F0E26771D7C756100DDB0AB /* DiscoverViewController.swift */,
			);
			path = "discover发现";
			sourceTree = "<group>";
		};
		6F9CA1961D7C030700E053B3 /* Home首页 */ = {
			isa = PBXGroup;
			children = (
				6F44AB731D854F44007FDEC2 /* HomeModel */,
				6F4829F61D8195EE00864EDD /* Oauth */,
				6F0E267B1D7C769300DDB0AB /* Home.storyboard */,
				6F0E26731D7C754900DDB0AB /* HomeViewController.swift */,
				6F8AF8A41D87C944007676FB /* HomeTableViewCell.swift */,
				6F8AF8A61D8823CB007676FB /* PictureCollectionView.swift */,
				6F2B71121D7F0CD7003059F7 /* TitleButton.swift */,
				6F2B71181D7F2001003059F7 /* PopoverViewController.swift */,
				6F2B71191D7F2001003059F7 /* PopoverViewController.xib */,
				6F3220F71D7FEFB50084E40C /* PresentationController.swift */,
				6F3220F91D8006EE0084E40C /* HomeTransitionAnimation.swift */,
			);
			path = "Home首页";
			sourceTree = "<group>";
		};
		6F9CA1971D7C030700E053B3 /* Main主要 */ = {
			isa = PBXGroup;
			children = (
				6F44AB6E1D852B80007FDEC2 /* welcome */,
				6F2B710B1D7DA22C003059F7 /* visitor */,
				6F0E26711D7C6EB300DDB0AB /* MainTabbarController.swift */,
				6F9CA1861D7BFF6E00E053B3 /* Main.storyboard */,
				6F2B71091D7DA0D2003059F7 /* BaseViewController.swift */,
			);
			path = "Main主要";
			sourceTree = "<group>";
		};
		6F9CA1981D7C030700E053B3 /* Message消息 */ = {
			isa = PBXGroup;
			children = (
				6F0E267E1D7C76C400DDB0AB /* Message.storyboard */,
				6F0E26751D7C755500DDB0AB /* MessageViewController.swift */,
			);
			path = "Message消息";
			sourceTree = "<group>";
		};
		6F9CA1991D7C030700E053B3 /* Profile我 */ = {
			isa = PBXGroup;
			children = (
				6F0E26851D7C772D00DDB0AB /* Profile.storyboard */,
				6F0E26791D7C756D00DDB0AB /* ProfileViewController.swift */,
			);
			path = "Profile我";
			sourceTree = "<group>";
		};
		6FB8761D1D92585C003B1573 /* emotionKeyboard */ = {
			isa = PBXGroup;
			children = (
				6FD3AE141D94FFDF003F7DC9 /* FindEmoticon.swift */,
				6FB876241D926C18003B1573 /* model */,
				6FB876201D926247003B1573 /* Emoticons.bundle */,
				6FB8761E1D925BBF003B1573 /* EmotionViewController.swift */,
				6F17865B1D927946005A880A /* EmotionCollectionViewCell.swift */,
			);
			path = emotionKeyboard;
			sourceTree = "<group>";
		};
		6FB876241D926C18003B1573 /* model */ = {
			isa = PBXGroup;
			children = (
				6FB876221D926C03003B1573 /* EmoticonManager.swift */,
				6FB876251D926C5D003B1573 /* EmoticonPackage.swift */,
				6FB876271D926C85003B1573 /* Emotion.swift */,
			);
			path = model;
			sourceTree = "<group>";
		};
		6FCBF3581D9111ED0013C344 /* pickImage */ = {
			isa = PBXGroup;
			children = (
				6FCBF3561D910A860013C344 /* PictureAddCollectionView.swift */,
				6FCBF3591D91128A0013C344 /* PicCollectionViewCell.swift */,
				6FCBF35A1D91128A0013C344 /* PicCollectionViewCell.xib */,
			);
			path = pickImage;
			sourceTree = "<group>";
		};
		999AC1BCDF4B3EB893899C09 /* Frameworks */ = {
			isa = PBXGroup;
			children = (
				DE503D0C5ADEAEBDD550FC38 /* Pods.framework */,
			);
			name = Frameworks;
			sourceTree = "<group>";
		};
		FD6A0E41990AAB6EAF520325 /* Pods */ = {
			isa = PBXGroup;
			children = (
				DFDF122E75D3F6ABA5A87453 /* Pods.debug.xcconfig */,
				5E05274BF6EEA06C74EEBC4B /* Pods.release.xcconfig */,
			);
			name = Pods;
			sourceTree = "<group>";
		};
/* End PBXGroup section */

/* Begin PBXNativeTarget section */
		6F9CA17E1D7BFF6D00E053B3 /* Sina */ = {
			isa = PBXNativeTarget;
			buildConfigurationList = 6F9CA1911D7BFF6E00E053B3 /* Build configuration list for PBXNativeTarget "Sina" */;
			buildPhases = (
				CE2B1425E52FCC9F274097B0 /* Check Pods Manifest.lock */,
				6F9CA17B1D7BFF6D00E053B3 /* Sources */,
				6F9CA17C1D7BFF6D00E053B3 /* Frameworks */,
				6F9CA17D1D7BFF6D00E053B3 /* Resources */,
				8D8A8AED2A7E951FBBC6F508 /* Embed Pods Frameworks */,
				2A2083FCFA1774F884D9E295 /* Copy Pods Resources */,
			);
			buildRules = (
			);
			dependencies = (
			);
			name = Sina;
			productName = Sina;
			productReference = 6F9CA17F1D7BFF6E00E053B3 /* Sina.app */;
			productType = "com.apple.product-type.application";
		};
/* End PBXNativeTarget section */

/* Begin PBXProject section */
		6F9CA1771D7BFF6D00E053B3 /* Project object */ = {
			isa = PBXProject;
			attributes = {
				LastSwiftUpdateCheck = 0730;
				LastUpgradeCheck = 0730;
				ORGANIZATIONNAME = Young;
				TargetAttributes = {
					6F9CA17E1D7BFF6D00E053B3 = {
						CreatedOnToolsVersion = 7.3.1;
					};
				};
			};
			buildConfigurationList = 6F9CA17A1D7BFF6D00E053B3 /* Build configuration list for PBXProject "Sina" */;
			compatibilityVersion = "Xcode 3.2";
			developmentRegion = English;
			hasScannedForEncodings = 0;
			knownRegions = (
				en,
				Base,
			);
			mainGroup = 6F9CA1761D7BFF6D00E053B3;
			productRefGroup = 6F9CA1801D7BFF6E00E053B3 /* Products */;
			projectDirPath = "";
			projectRoot = "";
			targets = (
				6F9CA17E1D7BFF6D00E053B3 /* Sina */,
			);
		};
/* End PBXProject section */

/* Begin PBXResourcesBuildPhase section */
		6F9CA17D1D7BFF6D00E053B3 /* Resources */ = {
			isa = PBXResourcesBuildPhase;
			buildActionMask = 2147483647;
			files = (
				6F1F91531D8FD9690067C289 /* ComposeViewController.xib in Resources */,
				6F9CA18D1D7BFF6E00E053B3 /* LaunchScreen.storyboard in Resources */,
				6F9CA18A1D7BFF6E00E053B3 /* Assets.xcassets in Resources */,
				6F0E26871D7C772D00DDB0AB /* Profile.storyboard in Resources */,
				6FB876211D926247003B1573 /* Emoticons.bundle in Resources */,
				6F4829FA1D81960200864EDD /* OauthViewController.xib in Resources */,
				6F0E267F1D7C76C400DDB0AB /* Message.storyboard in Resources */,
				6F44AB721D852B90007FDEC2 /* WelcomeViewController.xib in Resources */,
				6FCBF35C1D91128A0013C344 /* PicCollectionViewCell.xib in Resources */,
				6F2B711B1D7F2001003059F7 /* PopoverViewController.xib in Resources */,
				6F0E26821D7C76DF00DDB0AB /* null.storyboard in Resources */,
				6F9CA1881D7BFF6E00E053B3 /* Main.storyboard in Resources */,
				6F0E26841D7C770F00DDB0AB /* Discover.storyboard in Resources */,
				6F0E267D1D7C769300DDB0AB /* Home.storyboard in Resources */,
				6F2B710F1D7DA2DD003059F7 /* VisitorView.xib in Resources */,
			);
			runOnlyForDeploymentPostprocessing = 0;
		};
/* End PBXResourcesBuildPhase section */

/* Begin PBXShellScriptBuildPhase section */
		2A2083FCFA1774F884D9E295 /* Copy Pods Resources */ = {
			isa = PBXShellScriptBuildPhase;
			buildActionMask = 2147483647;
			files = (
			);
			inputPaths = (
			);
			name = "Copy Pods Resources";
			outputPaths = (
			);
			runOnlyForDeploymentPostprocessing = 0;
			shellPath = /bin/sh;
			shellScript = "\"${SRCROOT}/Pods/Target Support Files/Pods/Pods-resources.sh\"\n";
			showEnvVarsInLog = 0;
		};
		8D8A8AED2A7E951FBBC6F508 /* Embed Pods Frameworks */ = {
			isa = PBXShellScriptBuildPhase;
			buildActionMask = 2147483647;
			files = (
			);
			inputPaths = (
			);
			name = "Embed Pods Frameworks";
			outputPaths = (
			);
			runOnlyForDeploymentPostprocessing = 0;
			shellPath = /bin/sh;
			shellScript = "\"${SRCROOT}/Pods/Target Support Files/Pods/Pods-frameworks.sh\"\n";
			showEnvVarsInLog = 0;
		};
		CE2B1425E52FCC9F274097B0 /* Check Pods Manifest.lock */ = {
			isa = PBXShellScriptBuildPhase;
			buildActionMask = 2147483647;
			files = (
			);
			inputPaths = (
			);
			name = "Check Pods Manifest.lock";
			outputPaths = (
			);
			runOnlyForDeploymentPostprocessing = 0;
			shellPath = /bin/sh;
			shellScript = "diff \"${PODS_ROOT}/../Podfile.lock\" \"${PODS_ROOT}/Manifest.lock\" > /dev/null\nif [[ $? != 0 ]] ; then\n    cat << EOM\nerror: The sandbox is not in sync with the Podfile.lock. Run 'pod install' or update your CocoaPods installation.\nEOM\n    exit 1\nfi\n";
			showEnvVarsInLog = 0;
		};
/* End PBXShellScriptBuildPhase section */

/* Begin PBXSourcesBuildPhase section */
		6F9CA17B1D7BFF6D00E053B3 /* Sources */ = {
			isa = PBXSourcesBuildPhase;
			buildActionMask = 2147483647;
			files = (
				6F0E267A1D7C756D00DDB0AB /* ProfileViewController.swift in Sources */,
				6FFFF3A61D83EAE200E77776 /* UserAccountViewModel.swift in Sources */,
				6F4829F91D81960200864EDD /* OauthViewController.swift in Sources */,
				6FCBF35B1D91128A0013C344 /* PicCollectionViewCell.swift in Sources */,
				6F9CA1831D7BFF6E00E053B3 /* AppDelegate.swift in Sources */,
				6F2B71111D7F0910003059F7 /* UIBarButtonItem+Extension.swift in Sources */,
				6F1F91551D900B450067C289 /* TitleView.swift in Sources */,
				6F1F91521D8FD9690067C289 /* ComposeViewController.swift in Sources */,
				6F0E26721D7C6EB300DDB0AB /* MainTabbarController.swift in Sources */,
				6FB876231D926C03003B1573 /* EmoticonManager.swift in Sources */,
				6F8AF8A51D87C944007676FB /* HomeTableViewCell.swift in Sources */,
				6FFA2D201D8698F800CCB12E /* NSDate+Extension.swift in Sources */,
				6F2B711A1D7F2001003059F7 /* PopoverViewController.swift in Sources */,
				6F2B71131D7F0CD7003059F7 /* TitleButton.swift in Sources */,
				6FCBF3571D910A860013C344 /* PictureAddCollectionView.swift in Sources */,
				6F8AF8A71D8823CB007676FB /* PictureCollectionView.swift in Sources */,
				6F0E26761D7C755500DDB0AB /* MessageViewController.swift in Sources */,
				6FFA2D221D86A62800CCB12E /* User.swift in Sources */,
				6FB8761F1D925BBF003B1573 /* EmotionViewController.swift in Sources */,
				6F7FB1C81D829B2C0035E4E9 /* UserAccount.swift in Sources */,
				6FB876261D926C5D003B1573 /* EmoticonPackage.swift in Sources */,
				6F4829FC1D81C94200864EDD /* NetWorkTools.swift in Sources */,
				6F44AB751D855384007FDEC2 /* Status.swift in Sources */,
				6F0E26741D7C754900DDB0AB /* HomeViewController.swift in Sources */,
				6F2B710A1D7DA0D2003059F7 /* BaseViewController.swift in Sources */,
				6F3220F81D7FEFB50084E40C /* PresentationController.swift in Sources */,
				6FFA2D241D86DD7F00CCB12E /* StatusViewModel.swift in Sources */,
				6F1F91571D900F930067C289 /* ComposeTextView.swift in Sources */,
				6F3220FA1D8006EE0084E40C /* HomeTransitionAnimation.swift in Sources */,
				6F2B710D1D7DA258003059F7 /* VisitorView.swift in Sources */,
				6F0E26781D7C756100DDB0AB /* DiscoverViewController.swift in Sources */,
				6FBD77641D93CDFD0096E8FC /* EmotionTextAttachment.swift in Sources */,
				6FB876281D926C85003B1573 /* Emotion.swift in Sources */,
				6FD3AE151D94FFDF003F7DC9 /* FindEmoticon.swift in Sources */,
				6F0E268B1D7C861000DDB0AB /* UIbuttonExtension.swift in Sources */,
				6F44AB711D852B90007FDEC2 /* WelcomeViewController.swift in Sources */,
				6F17865C1D927946005A880A /* EmotionCollectionViewCell.swift in Sources */,
			);
			runOnlyForDeploymentPostprocessing = 0;
		};
/* End PBXSourcesBuildPhase section */

/* Begin PBXVariantGroup section */
		6F0E267B1D7C769300DDB0AB /* Home.storyboard */ = {
			isa = PBXVariantGroup;
			children = (
				6F0E267C1D7C769300DDB0AB /* Base */,
			);
			name = Home.storyboard;
			path = ../..;
			sourceTree = "<group>";
		};
		6F0E26801D7C76DF00DDB0AB /* null.storyboard */ = {
			isa = PBXVariantGroup;
			children = (
				6F0E26811D7C76DF00DDB0AB /* Base */,
			);
			name = null.storyboard;
			sourceTree = "<group>";
		};
		6F0E26851D7C772D00DDB0AB /* Profile.storyboard */ = {
			isa = PBXVariantGroup;
			children = (
				6F0E26861D7C772D00DDB0AB /* Base */,
			);
			name = Profile.storyboard;
			path = ../..;
			sourceTree = "<group>";
		};
		6F9CA1861D7BFF6E00E053B3 /* Main.storyboard */ = {
			isa = PBXVariantGroup;
			children = (
				6F9CA1871D7BFF6E00E053B3 /* Base */,
			);
			name = Main.storyboard;
			path = ../..;
			sourceTree = "<group>";
		};
		6F9CA18B1D7BFF6E00E053B3 /* LaunchScreen.storyboard */ = {
			isa = PBXVariantGroup;
			children = (
				6F9CA18C1D7BFF6E00E053B3 /* Base */,
			);
			name = LaunchScreen.storyboard;
			sourceTree = "<group>";
		};
/* End PBXVariantGroup section */

/* Begin XCBuildConfiguration section */
		6F9CA18F1D7BFF6E00E053B3 /* Debug */ = {
			isa = XCBuildConfiguration;
			buildSettings = {
				ALWAYS_SEARCH_USER_PATHS = NO;
				CLANG_ANALYZER_NONNULL = YES;
				CLANG_CXX_LANGUAGE_STANDARD = "gnu++0x";
				CLANG_CXX_LIBRARY = "libc++";
				CLANG_ENABLE_MODULES = YES;
				CLANG_ENABLE_OBJC_ARC = YES;
				CLANG_WARN_BOOL_CONVERSION = YES;
				CLANG_WARN_CONSTANT_CONVERSION = YES;
				CLANG_WARN_DIRECT_OBJC_ISA_USAGE = YES_ERROR;
				CLANG_WARN_EMPTY_BODY = YES;
				CLANG_WARN_ENUM_CONVERSION = YES;
				CLANG_WARN_INT_CONVERSION = YES;
				CLANG_WARN_OBJC_ROOT_CLASS = YES_ERROR;
				CLANG_WARN_UNREACHABLE_CODE = YES;
				CLANG_WARN__DUPLICATE_METHOD_MATCH = YES;
				"CODE_SIGN_IDENTITY[sdk=iphoneos*]" = "iPhone Developer";
				COPY_PHASE_STRIP = NO;
				DEBUG_INFORMATION_FORMAT = dwarf;
				ENABLE_STRICT_OBJC_MSGSEND = YES;
				ENABLE_TESTABILITY = YES;
				GCC_C_LANGUAGE_STANDARD = gnu99;
				GCC_DYNAMIC_NO_PIC = NO;
				GCC_NO_COMMON_BLOCKS = YES;
				GCC_OPTIMIZATION_LEVEL = 0;
				GCC_PREPROCESSOR_DEFINITIONS = (
					"DEBUG=1",
					"$(inherited)",
				);
				GCC_WARN_64_TO_32_BIT_CONVERSION = YES;
				GCC_WARN_ABOUT_RETURN_TYPE = YES_ERROR;
				GCC_WARN_UNDECLARED_SELECTOR = YES;
				GCC_WARN_UNINITIALIZED_AUTOS = YES_AGGRESSIVE;
				GCC_WARN_UNUSED_FUNCTION = YES;
				GCC_WARN_UNUSED_VARIABLE = YES;
				IPHONEOS_DEPLOYMENT_TARGET = 9.3;
				MTL_ENABLE_DEBUG_INFO = YES;
				ONLY_ACTIVE_ARCH = YES;
				SDKROOT = iphoneos;
				SWIFT_OPTIMIZATION_LEVEL = "-Onone";
			};
			name = Debug;
		};
		6F9CA1901D7BFF6E00E053B3 /* Release */ = {
			isa = XCBuildConfiguration;
			buildSettings = {
				ALWAYS_SEARCH_USER_PATHS = NO;
				CLANG_ANALYZER_NONNULL = YES;
				CLANG_CXX_LANGUAGE_STANDARD = "gnu++0x";
				CLANG_CXX_LIBRARY = "libc++";
				CLANG_ENABLE_MODULES = YES;
				CLANG_ENABLE_OBJC_ARC = YES;
				CLANG_WARN_BOOL_CONVERSION = YES;
				CLANG_WARN_CONSTANT_CONVERSION = YES;
				CLANG_WARN_DIRECT_OBJC_ISA_USAGE = YES_ERROR;
				CLANG_WARN_EMPTY_BODY = YES;
				CLANG_WARN_ENUM_CONVERSION = YES;
				CLANG_WARN_INT_CONVERSION = YES;
				CLANG_WARN_OBJC_ROOT_CLASS = YES_ERROR;
				CLANG_WARN_UNREACHABLE_CODE = YES;
				CLANG_WARN__DUPLICATE_METHOD_MATCH = YES;
				"CODE_SIGN_IDENTITY[sdk=iphoneos*]" = "iPhone Developer";
				COPY_PHASE_STRIP = NO;
				DEBUG_INFORMATION_FORMAT = "dwarf-with-dsym";
				ENABLE_NS_ASSERTIONS = NO;
				ENABLE_STRICT_OBJC_MSGSEND = YES;
				GCC_C_LANGUAGE_STANDARD = gnu99;
				GCC_NO_COMMON_BLOCKS = YES;
				GCC_WARN_64_TO_32_BIT_CONVERSION = YES;
				GCC_WARN_ABOUT_RETURN_TYPE = YES_ERROR;
				GCC_WARN_UNDECLARED_SELECTOR = YES;
				GCC_WARN_UNINITIALIZED_AUTOS = YES_AGGRESSIVE;
				GCC_WARN_UNUSED_FUNCTION = YES;
				GCC_WARN_UNUSED_VARIABLE = YES;
				IPHONEOS_DEPLOYMENT_TARGET = 9.3;
				MTL_ENABLE_DEBUG_INFO = NO;
				SDKROOT = iphoneos;
				VALIDATE_PRODUCT = YES;
			};
			name = Release;
		};
		6F9CA1921D7BFF6E00E053B3 /* Debug */ = {
			isa = XCBuildConfiguration;
			baseConfigurationReference = DFDF122E75D3F6ABA5A87453 /* Pods.debug.xcconfig */;
			buildSettings = {
				ASSETCATALOG_COMPILER_APPICON_NAME = AppIcon;
				ASSETCATALOG_COMPILER_LAUNCHIMAGE_NAME = "Brand Assets";
				INFOPLIST_FILE = Sina/Info.plist;
				IPHONEOS_DEPLOYMENT_TARGET = 9.0;
				LD_RUNPATH_SEARCH_PATHS = "$(inherited) @executable_path/Frameworks";
				PRODUCT_BUNDLE_IDENTIFIER = Gary.com.Sina;
				PRODUCT_NAME = "$(TARGET_NAME)";
			};
			name = Debug;
		};
		6F9CA1931D7BFF6E00E053B3 /* Release */ = {
			isa = XCBuildConfiguration;
			baseConfigurationReference = 5E05274BF6EEA06C74EEBC4B /* Pods.release.xcconfig */;
			buildSettings = {
				ASSETCATALOG_COMPILER_APPICON_NAME = AppIcon;
				ASSETCATALOG_COMPILER_LAUNCHIMAGE_NAME = "Brand Assets";
				INFOPLIST_FILE = Sina/Info.plist;
				IPHONEOS_DEPLOYMENT_TARGET = 9.0;
				LD_RUNPATH_SEARCH_PATHS = "$(inherited) @executable_path/Frameworks";
				PRODUCT_BUNDLE_IDENTIFIER = Gary.com.Sina;
				PRODUCT_NAME = "$(TARGET_NAME)";
			};
			name = Release;
		};
/* End XCBuildConfiguration section */

/* Begin XCConfigurationList section */
		6F9CA17A1D7BFF6D00E053B3 /* Build configuration list for PBXProject "Sina" */ = {
			isa = XCConfigurationList;
			buildConfigurations = (
				6F9CA18F1D7BFF6E00E053B3 /* Debug */,
				6F9CA1901D7BFF6E00E053B3 /* Release */,
			);
			defaultConfigurationIsVisible = 0;
			defaultConfigurationName = Release;
		};
		6F9CA1911D7BFF6E00E053B3 /* Build configuration list for PBXNativeTarget "Sina" */ = {
			isa = XCConfigurationList;
			buildConfigurations = (
				6F9CA1921D7BFF6E00E053B3 /* Debug */,
				6F9CA1931D7BFF6E00E053B3 /* Release */,
			);
			defaultConfigurationIsVisible = 0;
			defaultConfigurationName = Release;
		};
/* End XCConfigurationList section */
	};
	rootObject = 6F9CA1771D7BFF6D00E053B3 /* Project object */;
}
